
Microsoft Visual Studio Solution File, Format Version 11.00
# Visual Studio 2010
Project("{FAE04EC0-301F-11D3-BF4B-00C04F79EFBC}") = "L20n", "L20n.csproj", "{5AA0473C-61F6-45E8-8019-CE1DEF0A973D}"
EndProject
Global
	GlobalSection(SolutionConfigurationPlatforms) = preSolution
		Debug|Any CPU = Debug|Any CPU
		Release|Any CPU = Release|Any CPU
	EndGlobalSection
	GlobalSection(ProjectConfigurationPlatforms) = postSolution
		{5AA0473C-61F6-45E8-8019-CE1DEF0A973D}.Debug|Any CPU.ActiveCfg = Debug|Any CPU
		{5AA0473C-61F6-45E8-8019-CE1DEF0A973D}.Debug|Any CPU.Build.0 = Debug|Any CPU
		{5AA0473C-61F6-45E8-8019-CE1DEF0A973D}.Release|Any CPU.ActiveCfg = Release|Any CPU
		{5AA0473C-61F6-45E8-8019-CE1DEF0A973D}.Release|Any CPU.Build.0 = Release|Any CPU
	EndGlobalSection
	GlobalSection(MonoDevelopProperties) = preSolution
		StartupItem = L20n.csproj
	EndGlobalSection
EndGlobal
